
Microsoft Visual Studio Solution File, Format Version 12.00
# Visual Studio 15
VisualStudioVersion = 15.0.26730.12
MinimumVisualStudioVersion = 10.0.40219.1
Project("{2150E333-8FDC-42A3-9474-1A3956D46DE8}") = "src", "src", "{C53B286C-177E-4327-BF5B-F9FEFF1FFF13}"
EndProject
Project("{2150E333-8FDC-42A3-9474-1A3956D46DE8}") = "test", "test", "{6B4BDDA2-63BC-4795-8B0F-9E72A69EB4DB}"
EndProject
Project("{9A19103F-16F7-4668-BE54-9A1E7A4F7556}") = "LclDckr", "src\LclDckr\LclDckr.csproj", "{F16E4388-EAE9-44A2-89FB-24B895F52A50}"
EndProject
Project("{9A19103F-16F7-4668-BE54-9A1E7A4F7556}") = "LclDckr.IntegrationTests", "test\LclDckr.IntegrationTests\LclDckr.IntegrationTests.csproj", "{A693D22D-4605-461E-BA06-46DF29772447}"
EndProject
Project("{2150E333-8FDC-42A3-9474-1A3956D46DE8}") = "build", "build", "{F7818394-EBAC-40ED-BD12-EEC822A73905}"
	ProjectSection(SolutionItems) = preProject
		.travis.yml = .travis.yml
	EndProjectSection
EndProject
Global
	GlobalSection(SolutionConfigurationPlatforms) = preSolution
		Debug|Any CPU = Debug|Any CPU
		Release|Any CPU = Release|Any CPU
	EndGlobalSection
	GlobalSection(ProjectConfigurationPlatforms) = postSolution
		{F16E4388-EAE9-44A2-89FB-24B895F52A50}.Debug|Any CPU.ActiveCfg = Debug|Any CPU
		{F16E4388-EAE9-44A2-89FB-24B895F52A50}.Debug|Any CPU.Build.0 = Debug|Any CPU
		{F16E4388-EAE9-44A2-89FB-24B895F52A50}.Release|Any CPU.ActiveCfg = Release|Any CPU
		{F16E4388-EAE9-44A2-89FB-24B895F52A50}.Release|Any CPU.Build.0 = Release|Any CPU
		{A693D22D-4605-461E-BA06-46DF29772447}.Debug|Any CPU.ActiveCfg = Debug|Any CPU
		{A693D22D-4605-461E-BA06-46DF29772447}.Debug|Any CPU.Build.0 = Debug|Any CPU
		{A693D22D-4605-461E-BA06-46DF29772447}.Release|Any CPU.ActiveCfg = Release|Any CPU
		{A693D22D-4605-461E-BA06-46DF29772447}.Release|Any CPU.Build.0 = Release|Any CPU
	EndGlobalSection
	GlobalSection(SolutionProperties) = preSolution
		HideSolutionNode = FALSE
	EndGlobalSection
	GlobalSection(NestedProjects) = preSolution
		{F16E4388-EAE9-44A2-89FB-24B895F52A50} = {C53B286C-177E-4327-BF5B-F9FEFF1FFF13}
		{A693D22D-4605-461E-BA06-46DF29772447} = {6B4BDDA2-63BC-4795-8B0F-9E72A69EB4DB}
	EndGlobalSection
	GlobalSection(ExtensibilityGlobals) = postSolution
		SolutionGuid = {579FFA72-0450-4F1E-94E1-7492F338CFAF}
	EndGlobalSection
EndGlobal
